{
	"name": "ts-course",
	"version": "1.0.0",
	"lockfileVersion": 2,
	"requires": true,
	"packages": {
		"": {
			"name": "ts-course",
			"version": "1.0.0",
			"license": "ISC",
			"dependencies": {
				"@types/leaflet": "^1.7.11",
				"leaflet": "^1.8.0",
				"typescript": "^4.7.4"
			},
			"devDependencies": {
				"@types/faker": "^5.5.3",
				"faker": "^5.5.3"
			}
		},
		"node_modules/@types/faker": {
			"version": "5.5.3",
			"resolved": "https://registry.npmjs.org/@types/faker/-/faker-5.5.3.tgz",
			"integrity": "sha512-InxkM6sCFQTI6YQl29M/XGlO19ecv/EHH5X5zLEFdge2/qya8oIT0XkJUKTqheVYWJtGi+FBAfP7hbbunDiOmg==",
			"dev": true
		},
		"node_modules/@types/geojson": {
			"version": "7946.0.10",
			"resolved": "https://registry.npmjs.org/@types/geojson/-/geojson-7946.0.10.tgz",
			"integrity": "sha512-Nmh0K3iWQJzniTuPRcJn5hxXkfB1T1pgB89SBig5PlJQU5yocazeu4jATJlaA0GYFKWMqDdvYemoSnF2pXgLVA=="
		},
		"node_modules/@types/leaflet": {
			"version": "1.7.11",
			"resolved": "https://registry.npmjs.org/@types/leaflet/-/leaflet-1.7.11.tgz",
			"integrity": "sha512-VwAYom2pfIAf/pLj1VR5aLltd4tOtHyvfaJlNYCoejzP2nu52PrMi1ehsLRMUS+bgafmIIKBV1cMfKeS+uJ0Vg==",
			"dependencies": {
				"@types/geojson": "*"
			}
		},
		"node_modules/faker": {
			"version": "5.5.3",
			"resolved": "https://registry.npmjs.org/faker/-/faker-5.5.3.tgz",
			"integrity": "sha512-wLTv2a28wjUyWkbnX7u/ABZBkUkIF2fCd73V6P2oFqEGEktDfzWx4UxrSqtPRw0xPRAcjeAOIiJWqZm3pP4u3g==",
			"dev": true
		},
		"node_modules/leaflet": {
			"version": "1.8.0",
			"resolved": "https://registry.npmjs.org/leaflet/-/leaflet-1.8.0.tgz",
			"integrity": "sha512-gwhMjFCQiYs3x/Sf+d49f10ERXaEFCPr+nVTryhAW8DWbMGqJqt9G4XuIaHmFW08zYvhgdzqXGr8AlW8v8dQkA=="
		},
		"node_modules/typescript": {
			"version": "4.7.4",
			"resolved": "https://registry.npmjs.org/typescript/-/typescript-4.7.4.tgz",
			"integrity": "sha512-C0WQT0gezHuw6AdY1M2jxUO83Rjf0HP7Sk1DtXj6j1EwkQNZrHAg2XPWlq62oqEhYvONq5pkC2Y9oPljWToLmQ==",
			"bin": {
				"tsc": "bin/tsc",
				"tsserver": "bin/tsserver"
			},
			"engines": {
				"node": ">=4.2.0"
			}
		}
	},
	"dependencies": {
		"@types/faker": {
			"version": "5.5.3",
			"resolved": "https://registry.npmjs.org/@types/faker/-/faker-5.5.3.tgz",
			"integrity": "sha512-InxkM6sCFQTI6YQl29M/XGlO19ecv/EHH5X5zLEFdge2/qya8oIT0XkJUKTqheVYWJtGi+FBAfP7hbbunDiOmg==",
			"dev": true
		},
		"@types/geojson": {
			"version": "7946.0.10",
			"resolved": "https://registry.npmjs.org/@types/geojson/-/geojson-7946.0.10.tgz",
			"integrity": "sha512-Nmh0K3iWQJzniTuPRcJn5hxXkfB1T1pgB89SBig5PlJQU5yocazeu4jATJlaA0GYFKWMqDdvYemoSnF2pXgLVA=="
		},
		"@types/leaflet": {
			"version": "1.7.11",
			"resolved": "https://registry.npmjs.org/@types/leaflet/-/leaflet-1.7.11.tgz",
			"integrity": "sha512-VwAYom2pfIAf/pLj1VR5aLltd4tOtHyvfaJlNYCoejzP2nu52PrMi1ehsLRMUS+bgafmIIKBV1cMfKeS+uJ0Vg==",
			"requires": {
				"@types/geojson": "*"
			}
		},
		"faker": {
			"version": "5.5.3",
			"resolved": "https://registry.npmjs.org/faker/-/faker-5.5.3.tgz",
			"integrity": "sha512-wLTv2a28wjUyWkbnX7u/ABZBkUkIF2fCd73V6P2oFqEGEktDfzWx4UxrSqtPRw0xPRAcjeAOIiJWqZm3pP4u3g==",
			"dev": true
		},
		"leaflet": {
			"version": "1.8.0",
			"resolved": "https://registry.npmjs.org/leaflet/-/leaflet-1.8.0.tgz",
			"integrity": "sha512-gwhMjFCQiYs3x/Sf+d49f10ERXaEFCPr+nVTryhAW8DWbMGqJqt9G4XuIaHmFW08zYvhgdzqXGr8AlW8v8dQkA=="
		},
		"typescript": {
			"version": "4.7.4",
			"resolved": "https://registry.npmjs.org/typescript/-/typescript-4.7.4.tgz",
			"integrity": "sha512-C0WQT0gezHuw6AdY1M2jxUO83Rjf0HP7Sk1DtXj6j1EwkQNZrHAg2XPWlq62oqEhYvONq5pkC2Y9oPljWToLmQ=="
		}
	}
}
